[[package]]
name = "certifi"
version = "2022.9.24"
description = "Python package for providing Mozilla's CA Bundle."
category = "main"
optional = false
python-versions = ">=3.6"

[[package]]
name = "charset-normalizer"
version = "2.1.1"
description = "The Real First Universal Charset Detector. Open, modern and actively maintained alternative to Chardet."
category = "main"
optional = false
python-versions = ">=3.6.0"

[package.extras]
unicode-backport = ["unicodedata2"]

[[package]]
name = "idna"
version = "3.4"
description = "Internationalized Domain Names in Applications (IDNA)"
category = "main"
optional = false
python-versions = ">=3.5"

[[package]]
name = "pyvisa"
version = "1.12.0"
description = "Python VISA bindings for GPIB, RS232, TCPIP and USB instruments"
category = "main"
optional = false
python-versions = ">=3.7"

[package.dependencies]
typing-extensions = "*"

[[package]]
name = "pyvisa-py"
version = "0.5.3"
description = "Pure Python implementation of a VISA library."
category = "main"
optional = false
python-versions = ">=3.7"

[package.dependencies]
pyvisa = ">=1.12.0"
typing-extensions = "*"

[package.extras]
gpib-ctypes = ["gpib-ctypes (>=0.3.0)"]
serial = ["pyserial (>=3.0)"]
usb = ["pyusb"]

[[package]]
name = "requests"
version = "2.28.1"
description = "Python HTTP for Humans."
category = "main"
optional = false
python-versions = ">=3.7, <4"

[package.dependencies]
certifi = ">=2017.4.17"
charset-normalizer = ">=2,<3"
idna = ">=2.5,<4"
urllib3 = ">=1.21.1,<1.27"

[package.extras]
socks = ["PySocks (>=1.5.6,!=1.5.7)"]
use-chardet-on-py3 = ["chardet (>=3.0.2,<6)"]

[[package]]
name = "typing-extensions"
version = "4.4.0"
description = "Backported and Experimental Type Hints for Python 3.7+"
category = "main"
optional = false
python-versions = ">=3.7"

[[package]]
name = "urllib3"
version = "1.26.12"
description = "HTTP library with thread-safe connection pooling, file post, and more."
category = "main"
optional = false
python-versions = ">=2.7, !=3.0.*, !=3.1.*, !=3.2.*, !=3.3.*, !=3.4.*, !=3.5.*, <4"

[package.extras]
brotli = ["brotli (>=1.0.9)", "brotlicffi (>=0.8.0)", "brotlipy (>=0.6.0)"]
secure = ["certifi", "cryptography (>=1.3.4)", "idna (>=2.0.0)", "ipaddress", "pyOpenSSL (>=0.14)", "urllib3-secure-extra"]
socks = ["PySocks (>=1.5.6,!=1.5.7,<2.0)"]

[[package]]
name = "visa"
version = "1.0.0"
description = "Python bindings for the VISA API"
category = "main"
optional = false
python-versions = ">=2.7, !=3.0.*, !=3.1.*, !=3.2.*, !=3.3.*"

[package.dependencies]
requests = {version = ">=2.20", markers = "python_version >= \"3.0\""}

[metadata]
lock-version = "1.1"
python-versions = "^3.10"
content-hash = "b829de097d94ee8079f26761db2a93bf02d81960c80cf4591a4071f0e5952d96"

[metadata.files]
certifi = [
    {file = "certifi-2022.9.24-py3-none-any.whl", hash = "sha256:90c1a32f1d68f940488354e36370f6cca89f0f106db09518524c88d6ed83f382"},
    {file = "certifi-2022.9.24.tar.gz", hash = "sha256:0d9c601124e5a6ba9712dbc60d9c53c21e34f5f641fe83002317394311bdce14"},
]
charset-normalizer = [
    {file = "charset-normalizer-2.1.1.tar.gz", hash = "sha256:5a3d016c7c547f69d6f81fb0db9449ce888b418b5b9952cc5e6e66843e9dd845"},
    {file = "charset_normalizer-2.1.1-py3-none-any.whl", hash = "sha256:83e9a75d1911279afd89352c68b45348559d1fc0506b054b346651b5e7fee29f"},
]
idna = [
    {file = "idna-3.4-py3-none-any.whl", hash = "sha256:90b77e79eaa3eba6de819a0c442c0b4ceefc341a7a2ab77d7562bf49f425c5c2"},
    {file = "idna-3.4.tar.gz", hash = "sha256:814f528e8dead7d329833b91c5faa87d60bf71824cd12a7530b5526063d02cb4"},
]
pyvisa = [
    {file = "PyVISA-1.12.0-py3-none-any.whl", hash = "sha256:4cbe2f37f75dd233638154f377af7522b8c1dc8324cce3dc3e9563a9b7b84add"},
    {file = "PyVISA-1.12.0.tar.gz", hash = "sha256:73a38e6bf7431449bd3e1c7bf51a995f62fcae68df580c01c30628629c6b5cbf"},
]
pyvisa-py = [
    {file = "PyVISA-py-0.5.3.tar.gz", hash = "sha256:4c80954ce454582169ecfd7117b3df8c3b668bd62073aa6798e92d3d1395f58a"},
    {file = "PyVISA_py-0.5.3-py3-none-any.whl", hash = "sha256:9f876de5945560421424c62b7880f328b59530fac6fbcbe604ae71646632b331"},
]
requests = [
    {file = "requests-2.28.1-py3-none-any.whl", hash = "sha256:8fefa2a1a1365bf5520aac41836fbee479da67864514bdb821f31ce07ce65349"},
    {file = "requests-2.28.1.tar.gz", hash = "sha256:7c5599b102feddaa661c826c56ab4fee28bfd17f5abca1ebbe3e7f19d7c97983"},
]
typing-extensions = [
    {file = "typing_extensions-4.4.0-py3-none-any.whl", hash = "sha256:16fa4864408f655d35ec496218b85f79b3437c829e93320c7c9215ccfd92489e"},
    {file = "typing_extensions-4.4.0.tar.gz", hash = "sha256:1511434bb92bf8dd198c12b1cc812e800d4181cfcb867674e0f8279cc93087aa"},
]
urllib3 = [
    {file = "urllib3-1.26.12-py2.py3-none-any.whl", hash = "sha256:b930dd878d5a8afb066a637fbb35144fe7901e3b209d1cd4f524bd0e9deee997"},
    {file = "urllib3-1.26.12.tar.gz", hash = "sha256:3fa96cf423e6987997fc326ae8df396db2a8b7c667747d47ddd8ecba91f4a74e"},
]
visa = [
    {file = "visa-1.0.0-py2.py3-none-any.whl", hash = "sha256:d81d2ed0c894f97dff6e04b721b2500405a47433dc0531393f2dc27677820c50"},
]
